
Microsoft Visual Studio Solution File, Format Version 12.00
# Visual Studio 2015
Project("{FAE04EC0-301F-11D3-BF4B-00C04F79EFBC}") = "QuizDPCD", "QuizDPCD.csproj", "{C878A1A6-1717-8438-EEB6-D2586F71D610}"
EndProject
Global
	GlobalSection(SolutionConfigurationPlatforms) = preSolution
		Debug|Any CPU = Debug|Any CPU
		Release|Any CPU = Release|Any CPU
	EndGlobalSection
	GlobalSection(ProjectConfigurationPlatforms) = postSolution
		{C878A1A6-1717-8438-EEB6-D2586F71D610}.Debug|Any CPU.ActiveCfg = Debug|Any CPU
		{C878A1A6-1717-8438-EEB6-D2586F71D610}.Debug|Any CPU.Build.0 = Debug|Any CPU
		{C878A1A6-1717-8438-EEB6-D2586F71D610}.Release|Any CPU.ActiveCfg = Release|Any CPU
		{C878A1A6-1717-8438-EEB6-D2586F71D610}.Release|Any CPU.Build.0 = Release|Any CPU
	EndGlobalSection
	GlobalSection(SolutionProperties) = preSolution
		HideSolutionNode = FALSE
	EndGlobalSection
EndGlobal
